
Microsoft Visual Studio Solution File, Format Version 12.00
# Visual Studio 15
VisualStudioVersion = 15.0.28307.572
MinimumVisualStudioVersion = 10.0.40219.1
Project("{FAE04EC0-301F-11D3-BF4B-00C04F79EFBC}") = "MessageClient", "MessageClient\MessageClient.csproj", "{CC009DC1-7234-4907-A020-A4CA71167E77}"
EndProject
Global
	GlobalSection(SolutionConfigurationPlatforms) = preSolution
		Debug|Any CPU = Debug|Any CPU
		Release|Any CPU = Release|Any CPU
	EndGlobalSection
	GlobalSection(ProjectConfigurationPlatforms) = postSolution
		{CC009DC1-7234-4907-A020-A4CA71167E77}.Debug|Any CPU.ActiveCfg = Debug|Any CPU
		{CC009DC1-7234-4907-A020-A4CA71167E77}.Debug|Any CPU.Build.0 = Debug|Any CPU
		{CC009DC1-7234-4907-A020-A4CA71167E77}.Release|Any CPU.ActiveCfg = Release|Any CPU
		{CC009DC1-7234-4907-A020-A4CA71167E77}.Release|Any CPU.Build.0 = Release|Any CPU
	EndGlobalSection
	GlobalSection(SolutionProperties) = preSolution
		HideSolutionNode = FALSE
	EndGlobalSection
	GlobalSection(ExtensibilityGlobals) = postSolution
		SolutionGuid = {1B8AD886-C677-4E97-B093-BED75CDD00F8}
	EndGlobalSection
EndGlobal
